<?xml version="1.0" encoding="utf-8"?>
<Project ToolsVersion="4.0" xmlns="http://schemas.microsoft.com/developer/msbuild/2003">
  <ItemGroup>
    <Filter Include="Source Files">
      <UniqueIdentifier>{4FC737F1-C7A5-4376-A066-2A32D752A2FF}</UniqueIdentifier>
      <Extensions>cpp;c;cc;cxx;c++;cppm;ixx;def;odl;idl;hpj;bat;asm;asmx</Extensions>
    </Filter>
    <Filter Include="Header Files">
      <UniqueIdentifier>{93995380-89BD-4b04-88EB-625FBE52EBFB}</UniqueIdentifier>
      <Extensions>h;hh;hpp;hxx;h++;hm;inl;inc;ipp;xsd</Extensions>
    </Filter>
    <Filter Include="Resource Files">
      <UniqueIdentifier>{67DA6AB6-F800-4c08-8B7A-83BB121AAD01}</UniqueIdentifier>
      <Extensions>rc;ico;cur;bmp;dlg;rc2;rct;bin;rgs;gif;jpg;jpeg;jpe;resx;tiff;tif;png;wav;mfcribbon-ms</Extensions>
    </Filter>
  </ItemGroup>
  <ItemGroup>
    <ClCompile Include="sdd-s1.c">
      <Filter>Source Files</Filter>
    </ClCompile>
    <ClCompile Include="sdd-s2.c">
      <Filter>Source Files</Filter>
    </ClCompile>
    <ClCompile Include="sdd-s3.c">
      <Filter>Source Files</Filter>
    </ClCompile>
    <ClCompile Include="sdd-tema1.c">
      <Filter>Source Files</Filter>
    </ClCompile>
    <ClCompile Include="sdd-tema2.c">
      <Filter>Source Files</Filter>
    </ClCompile>
    <ClCompile Include="sdd-tema3.c">
      <Filter>Source Files</Filter>
    </ClCompile>
    <ClCompile Include="sdd-s4.c">
      <Filter>Source Files</Filter>
    </ClCompile>
    <ClCompile Include="sdd-s5.c">
      <Filter>Source Files</Filter>
    </ClCompile>
    <ClCompile Include="sdd-s6.c">
      <Filter>Source Files</Filter>
    </ClCompile>
    <ClCompile Include="bilet-moneda.c">
      <Filter>Source Files</Filter>
    </ClCompile>
    <ClCompile Include="sdd-s8.c">
      <Filter>Source Files</Filter>
    </ClCompile>
  </ItemGroup>
  <ItemGroup>
    <Text Include="baterii.txt" />
    <Text Include="masini.txt" />
    <Text Include="monezi.txt" />
  </ItemGroup>
</Project>